
Microsoft Visual Studio Solution File, Format Version 12.00
# Visual Studio 2013
VisualStudioVersion = 12.0.31101.0
MinimumVisualStudioVersion = 10.0.40219.1
Project("{FAE04EC0-301F-11D3-BF4B-00C04F79EFBC}") = "ItcastCaterModel", "ItcastCaterModel\ItcastCaterModel.csproj", "{1C2D8859-3FBA-4921-91F7-964E7C03ADBF}"
EndProject
Project("{FAE04EC0-301F-11D3-BF4B-00C04F79EFBC}") = "ItcastCaterDAL", "ItcastCaterDAL\ItcastCaterDAL.csproj", "{91949FEB-E7F4-44B6-B027-15565BF85759}"
EndProject
Project("{FAE04EC0-301F-11D3-BF4B-00C04F79EFBC}") = "ItcastCaterBLL", "ItcastCaterBLL\ItcastCaterBLL.csproj", "{8BC15B16-282C-4539-A336-57D98816B003}"
EndProject
Project("{FAE04EC0-301F-11D3-BF4B-00C04F79EFBC}") = "ItcastCater", "ItcastCater\ItcastCater.csproj", "{03BEF643-296A-4597-852D-C0657FBDF819}"
EndProject
Global
	GlobalSection(SolutionConfigurationPlatforms) = preSolution
		Debug|Any CPU = Debug|Any CPU
		Release|Any CPU = Release|Any CPU
	EndGlobalSection
	GlobalSection(ProjectConfigurationPlatforms) = postSolution
		{1C2D8859-3FBA-4921-91F7-964E7C03ADBF}.Debug|Any CPU.ActiveCfg = Debug|Any CPU
		{1C2D8859-3FBA-4921-91F7-964E7C03ADBF}.Debug|Any CPU.Build.0 = Debug|Any CPU
		{1C2D8859-3FBA-4921-91F7-964E7C03ADBF}.Release|Any CPU.ActiveCfg = Release|Any CPU
		{1C2D8859-3FBA-4921-91F7-964E7C03ADBF}.Release|Any CPU.Build.0 = Release|Any CPU
		{91949FEB-E7F4-44B6-B027-15565BF85759}.Debug|Any CPU.ActiveCfg = Debug|Any CPU
		{91949FEB-E7F4-44B6-B027-15565BF85759}.Debug|Any CPU.Build.0 = Debug|Any CPU
		{91949FEB-E7F4-44B6-B027-15565BF85759}.Release|Any CPU.ActiveCfg = Release|Any CPU
		{91949FEB-E7F4-44B6-B027-15565BF85759}.Release|Any CPU.Build.0 = Release|Any CPU
		{8BC15B16-282C-4539-A336-57D98816B003}.Debug|Any CPU.ActiveCfg = Debug|Any CPU
		{8BC15B16-282C-4539-A336-57D98816B003}.Debug|Any CPU.Build.0 = Debug|Any CPU
		{8BC15B16-282C-4539-A336-57D98816B003}.Release|Any CPU.ActiveCfg = Release|Any CPU
		{8BC15B16-282C-4539-A336-57D98816B003}.Release|Any CPU.Build.0 = Release|Any CPU
		{03BEF643-296A-4597-852D-C0657FBDF819}.Debug|Any CPU.ActiveCfg = Debug|Any CPU
		{03BEF643-296A-4597-852D-C0657FBDF819}.Debug|Any CPU.Build.0 = Debug|Any CPU
		{03BEF643-296A-4597-852D-C0657FBDF819}.Release|Any CPU.ActiveCfg = Release|Any CPU
		{03BEF643-296A-4597-852D-C0657FBDF819}.Release|Any CPU.Build.0 = Release|Any CPU
	EndGlobalSection
	GlobalSection(SolutionProperties) = preSolution
		HideSolutionNode = FALSE
	EndGlobalSection
EndGlobal
